
Microsoft Visual Studio Solution File, Format Version 12.00
# Visual Studio 15
VisualStudioVersion = 15.0.27004.2002
MinimumVisualStudioVersion = 10.0.40219.1
Project("{FAE04EC0-301F-11D3-BF4B-00C04F79EFBC}") = "SVNManagementAddIn", "SVNManagementAddIns\SVNManagementAddIn.csproj", "{BA37D9E9-738B-4059-921C-99E6D89FC8D3}"
EndProject
Global
	GlobalSection(SolutionConfigurationPlatforms) = preSolution
		Debug|Any CPU = Debug|Any CPU
		Release|Any CPU = Release|Any CPU
	EndGlobalSection
	GlobalSection(ProjectConfigurationPlatforms) = postSolution
		{BA37D9E9-738B-4059-921C-99E6D89FC8D3}.Debug|Any CPU.ActiveCfg = Debug|Any CPU
		{BA37D9E9-738B-4059-921C-99E6D89FC8D3}.Debug|Any CPU.Build.0 = Debug|Any CPU
		{BA37D9E9-738B-4059-921C-99E6D89FC8D3}.Release|Any CPU.ActiveCfg = Release|Any CPU
		{BA37D9E9-738B-4059-921C-99E6D89FC8D3}.Release|Any CPU.Build.0 = Release|Any CPU
	EndGlobalSection
	GlobalSection(SolutionProperties) = preSolution
		HideSolutionNode = FALSE
	EndGlobalSection
	GlobalSection(ExtensibilityGlobals) = postSolution
		SolutionGuid = {586AA2DD-2BBC-41F6-B756-3E82473A4E5D}
	EndGlobalSection
EndGlobal
